lock 1
root app
package app 0.1.0 . f1b60597bc27ac22d483cd6e5a16dde85fc103903c5fc5c4ce2ca8b85cc34423
package geo 0.2.0 ../geo f093720f9a3dac756ab01f3bf5af55727d6613b6278797bb42c1baa8469066d9
package text 0.1.0 ../text ec919618ce031958b6e8804268d34b3272c2d94971071f1e4bc4edcfff77f6e1
outside 0 e3b0c44298fc1c149afbf4c8996fb92427ae41e4649b934ca495991b7852b855
total df2a87ac186140b7a4113d7e72d17036f8ce1d72a2f1a9057dcd0d976ce8c3f6
