lock 1
root app
package app 0.1.0 . 8db85d3efe06b22c794ef522eb51389c72de103e503ef251de2713bbd17de74d
package geo 0.2.0 ../geo 07c874fc081fca717f0e03918dd68eb627412075cac3f097442d0a0a1c9dc1f6
package text 0.1.0 ../text 092b111650885fb1f3f7f42372a2e2e879829c7c8eaf350e4ae2e868ebe31ff7
outside 0 e3b0c44298fc1c149afbf4c8996fb92427ae41e4649b934ca495991b7852b855
total 71849bd30a572b41dab92e1126d98579068f3e52e3c17ac26857df42e3d44f4e
